// !$*UTF8*$!
{
	archiveVersion = 1;
	classes = {
	};
	objectVersion = 54;
	objects = {

/* Begin PBXBuildFile section */
		7E0AE8132BBF785C00B16815 /* SunsetProtocols.swift in Sources */ = {isa = PBXBuildFile; fileRef = 7E0AE8122BBF785C00B16815 /* SunsetProtocols.swift */; };
		7E0AE8232BBF7E6500B16815 /* NetworkManagerTests.swift in Sources */ = {isa = PBXBuildFile; fileRef = 7E0AE8222BBF7E6500B16815 /* NetworkManagerTests.swift */; };
		7E0AE8262BBF90A000B16815 /* URLSessionMock.swift in Sources */ = {isa = PBXBuildFile; fileRef = 7E0AE8252BBF90A000B16815 /* URLSessionMock.swift */; };
		7E0AE8282BBF918300B16815 /* DummyURLSessionDataTask.swift in Sources */ = {isa = PBXBuildFile; fileRef = 7E0AE8272BBF918300B16815 /* DummyURLSessionDataTask.swift */; };
		7E26B8A62BC4AAEB00011E71 /* SunsetAdapterTests.swift in Sources */ = {isa = PBXBuildFile; fileRef = 7E26B8A52BC4AAEB00011E71 /* SunsetAdapterTests.swift */; };
		7E26B8A92BC4ACEF00011E71 /* Sunrise+Stub.swift in Sources */ = {isa = PBXBuildFile; fileRef = 7E26B8A82BC4ACEF00011E71 /* Sunrise+Stub.swift */; };
		7E36E2D82BC622E9002D02DB /* SunsetViewModelTests.swift in Sources */ = {isa = PBXBuildFile; fileRef = 7E36E2D72BC622E9002D02DB /* SunsetViewModelTests.swift */; };
		7E36E2DA2BC624BD002D02DB /* NetworkManagerMock.swift in Sources */ = {isa = PBXBuildFile; fileRef = 7E36E2D92BC624BD002D02DB /* NetworkManagerMock.swift */; };
		7E36E2DC2BC627B0002D02DB /* SunsetAdapterMock.swift in Sources */ = {isa = PBXBuildFile; fileRef = 7E36E2DB2BC627B0002D02DB /* SunsetAdapterMock.swift */; };
		7E36E2DE2BC62897002D02DB /* SunsetModel+Stub.swift in Sources */ = {isa = PBXBuildFile; fileRef = 7E36E2DD2BC62897002D02DB /* SunsetModel+Stub.swift */; };
		7E47ED502BC75C0B00CDC701 /* SunsetViewControllerSpy.swift in Sources */ = {isa = PBXBuildFile; fileRef = 7E47ED4F2BC75C0B00CDC701 /* SunsetViewControllerSpy.swift */; };
		7EA59BEE2BC3310700EDFEDC /* SunsetModel.swift in Sources */ = {isa = PBXBuildFile; fileRef = 7EA59BED2BC3310700EDFEDC /* SunsetModel.swift */; };
		7EA59BF02BC3396700EDFEDC /* SunsetAdapter.swift in Sources */ = {isa = PBXBuildFile; fileRef = 7EA59BEF2BC3396700EDFEDC /* SunsetAdapter.swift */; };
		7EE56EDC2BBE3C530098E030 /* NetworkManagerProtocols.swift in Sources */ = {isa = PBXBuildFile; fileRef = 7EE56EDB2BBE3C520098E030 /* NetworkManagerProtocols.swift */; };
		7EE56EDE2BBE3C810098E030 /* URLSession+Ext.swift in Sources */ = {isa = PBXBuildFile; fileRef = 7EE56EDD2BBE3C810098E030 /* URLSession+Ext.swift */; };
		7EE56EE02BBE3C9C0098E030 /* HTTPClientResult.swift in Sources */ = {isa = PBXBuildFile; fileRef = 7EE56EDF2BBE3C9C0098E030 /* HTTPClientResult.swift */; };
		FA64858F26CEB974007570AE /* NetworkManager.swift in Sources */ = {isa = PBXBuildFile; fileRef = FA64858E26CEB974007570AE /* NetworkManager.swift */; };
		FA64859126CEBA47007570AE /* Surise.swift in Sources */ = {isa = PBXBuildFile; fileRef = FA64859026CEBA47007570AE /* Surise.swift */; };
		FA64859326CED5C2007570AE /* SunsetViewModel.swift in Sources */ = {isa = PBXBuildFile; fileRef = FA64859226CED5C2007570AE /* SunsetViewModel.swift */; };
		FACFD84126CEACE7007360B3 /* AppDelegate.swift in Sources */ = {isa = PBXBuildFile; fileRef = FACFD84026CEACE7007360B3 /* AppDelegate.swift */; };
		FACFD84326CEACE7007360B3 /* SceneDelegate.swift in Sources */ = {isa = PBXBuildFile; fileRef = FACFD84226CEACE7007360B3 /* SceneDelegate.swift */; };
		FACFD84A26CEACEA007360B3 /* Assets.xcassets in Resources */ = {isa = PBXBuildFile; fileRef = FACFD84926CEACEA007360B3 /* Assets.xcassets */; };
		FACFD84D26CEACEA007360B3 /* LaunchScreen.storyboard in Resources */ = {isa = PBXBuildFile; fileRef = FACFD84B26CEACEA007360B3 /* LaunchScreen.storyboard */; };
		FACFD85626CEAEDD007360B3 /* SunsetViewController.swift in Sources */ = {isa = PBXBuildFile; fileRef = FACFD85526CEAEDD007360B3 /* SunsetViewController.swift */; };
		FACFD85A26CEAF5D007360B3 /* SunsetView.swift in Sources */ = {isa = PBXBuildFile; fileRef = FACFD85926CEAF5D007360B3 /* SunsetView.swift */; };
		FACFD85D26CEAFC8007360B3 /* SnapKit in Frameworks */ = {isa = PBXBuildFile; productRef = FACFD85C26CEAFC8007360B3 /* SnapKit */; };
/* End PBXBuildFile section */

/* Begin PBXContainerItemProxy section */
		7E0AE81C2BBF7DF700B16815 /* PBXContainerItemProxy */ = {
			isa = PBXContainerItemProxy;
			containerPortal = FACFD83526CEACE7007360B3 /* Project object */;
			proxyType = 1;
			remoteGlobalIDString = FACFD83C26CEACE7007360B3;
			remoteInfo = SunsetAPI;
		};
/* End PBXContainerItemProxy section */

/* Begin PBXFileReference section */
		7E0AE8122BBF785C00B16815 /* SunsetProtocols.swift */ = {isa = PBXFileReference; lastKnownFileType = sourcecode.swift; path = SunsetProtocols.swift; sourceTree = "<group>"; };
		7E0AE8182BBF7DF700B16815 /* SunsetAPITests.xctest */ = {isa = PBXFileReference; explicitFileType = wrapper.cfbundle; includeInIndex = 0; path = SunsetAPITests.xctest; sourceTree = BUILT_PRODUCTS_DIR; };
		7E0AE8222BBF7E6500B16815 /* NetworkManagerTests.swift */ = {isa = PBXFileReference; lastKnownFileType = sourcecode.swift; path = NetworkManagerTests.swift; sourceTree = "<group>"; };
		7E0AE8252BBF90A000B16815 /* URLSessionMock.swift */ = {isa = PBXFileReference; lastKnownFileType = sourcecode.swift; path = URLSessionMock.swift; sourceTree = "<group>"; };
		7E0AE8272BBF918300B16815 /* DummyURLSessionDataTask.swift */ = {isa = PBXFileReference; lastKnownFileType = sourcecode.swift; path = DummyURLSessionDataTask.swift; sourceTree = "<group>"; };
		7E26B8A52BC4AAEB00011E71 /* SunsetAdapterTests.swift */ = {isa = PBXFileReference; lastKnownFileType = sourcecode.swift; path = SunsetAdapterTests.swift; sourceTree = "<group>"; };
		7E26B8A82BC4ACEF00011E71 /* Sunrise+Stub.swift */ = {isa = PBXFileReference; lastKnownFileType = sourcecode.swift; path = "Sunrise+Stub.swift"; sourceTree = "<group>"; };
		7E36E2D72BC622E9002D02DB /* SunsetViewModelTests.swift */ = {isa = PBXFileReference; lastKnownFileType = sourcecode.swift; path = SunsetViewModelTests.swift; sourceTree = "<group>"; };
		7E36E2D92BC624BD002D02DB /* NetworkManagerMock.swift */ = {isa = PBXFileReference; lastKnownFileType = sourcecode.swift; path = NetworkManagerMock.swift; sourceTree = "<group>"; };
		7E36E2DB2BC627B0002D02DB /* SunsetAdapterMock.swift */ = {isa = PBXFileReference; lastKnownFileType = sourcecode.swift; path = SunsetAdapterMock.swift; sourceTree = "<group>"; };
		7E36E2DD2BC62897002D02DB /* SunsetModel+Stub.swift */ = {isa = PBXFileReference; lastKnownFileType = sourcecode.swift; path = "SunsetModel+Stub.swift"; sourceTree = "<group>"; };
		7E47ED4F2BC75C0B00CDC701 /* SunsetViewControllerSpy.swift */ = {isa = PBXFileReference; lastKnownFileType = sourcecode.swift; path = SunsetViewControllerSpy.swift; sourceTree = "<group>"; };
		7EA59BED2BC3310700EDFEDC /* SunsetModel.swift */ = {isa = PBXFileReference; lastKnownFileType = sourcecode.swift; path = SunsetModel.swift; sourceTree = "<group>"; };
		7EA59BEF2BC3396700EDFEDC /* SunsetAdapter.swift */ = {isa = PBXFileReference; lastKnownFileType = sourcecode.swift; path = SunsetAdapter.swift; sourceTree = "<group>"; };
		7EE56EDB2BBE3C520098E030 /* NetworkManagerProtocols.swift */ = {isa = PBXFileReference; lastKnownFileType = sourcecode.swift; path = NetworkManagerProtocols.swift; sourceTree = "<group>"; };
		7EE56EDD2BBE3C810098E030 /* URLSession+Ext.swift */ = {isa = PBXFileReference; lastKnownFileType = sourcecode.swift; path = "URLSession+Ext.swift"; sourceTree = "<group>"; };
		7EE56EDF2BBE3C9C0098E030 /* HTTPClientResult.swift */ = {isa = PBXFileReference; lastKnownFileType = sourcecode.swift; path = HTTPClientResult.swift; sourceTree = "<group>"; };
		FA64858E26CEB974007570AE /* NetworkManager.swift */ = {isa = PBXFileReference; lastKnownFileType = sourcecode.swift; path = NetworkManager.swift; sourceTree = "<group>"; };
		FA64859026CEBA47007570AE /* Surise.swift */ = {isa = PBXFileReference; lastKnownFileType = sourcecode.swift; path = Surise.swift; sourceTree = "<group>"; };
		FA64859226CED5C2007570AE /* SunsetViewModel.swift */ = {isa = PBXFileReference; lastKnownFileType = sourcecode.swift; path = SunsetViewModel.swift; sourceTree = "<group>"; };
		FACFD83D26CEACE7007360B3 /* SunsetAPI.app */ = {isa = PBXFileReference; explicitFileType = wrapper.application; includeInIndex = 0; path = SunsetAPI.app; sourceTree = BUILT_PRODUCTS_DIR; };
		FACFD84026CEACE7007360B3 /* AppDelegate.swift */ = {isa = PBXFileReference; lastKnownFileType = sourcecode.swift; path = AppDelegate.swift; sourceTree = "<group>"; };
		FACFD84226CEACE7007360B3 /* SceneDelegate.swift */ = {isa = PBXFileReference; lastKnownFileType = sourcecode.swift; path = SceneDelegate.swift; sourceTree = "<group>"; };
		FACFD84926CEACEA007360B3 /* Assets.xcassets */ = {isa = PBXFileReference; lastKnownFileType = folder.assetcatalog; path = Assets.xcassets; sourceTree = "<group>"; };
		FACFD84C26CEACEA007360B3 /* Base */ = {isa = PBXFileReference; lastKnownFileType = file.storyboard; name = Base; path = Base.lproj/LaunchScreen.storyboard; sourceTree = "<group>"; };
		FACFD84E26CEACEA007360B3 /* Info.plist */ = {isa = PBXFileReference; lastKnownFileType = text.plist.xml; path = Info.plist; sourceTree = "<group>"; };
		FACFD85526CEAEDD007360B3 /* SunsetViewController.swift */ = {isa = PBXFileReference; lastKnownFileType = sourcecode.swift; path = SunsetViewController.swift; sourceTree = "<group>"; };
		FACFD85926CEAF5D007360B3 /* SunsetView.swift */ = {isa = PBXFileReference; lastKnownFileType = sourcecode.swift; path = SunsetView.swift; sourceTree = "<group>"; };
/* End PBXFileReference section */

/* Begin PBXFrameworksBuildPhase section */
		7E0AE8152BBF7DF700B16815 /* Frameworks */ = {
			isa = PBXFrameworksBuildPhase;
			buildActionMask = 2147483647;
			files = (
			);
			runOnlyForDeploymentPostprocessing = 0;
		};
		FACFD83A26CEACE7007360B3 /* Frameworks */ = {
			isa = PBXFrameworksBuildPhase;
			buildActionMask = 2147483647;
			files = (
				FACFD85D26CEAFC8007360B3 /* SnapKit in Frameworks */,
			);
			runOnlyForDeploymentPostprocessing = 0;
		};
/* End PBXFrameworksBuildPhase section */

/* Begin PBXGroup section */
		7E0AE8192BBF7DF700B16815 /* SunsetAPITests */ = {
			isa = PBXGroup;
			children = (
				7E26B8A32BC4AACB00011E71 /* Scene */,
				7E0AE8212BBF7E4300B16815 /* Managers */,
			);
			path = SunsetAPITests;
			sourceTree = "<group>";
		};
		7E0AE8212BBF7E4300B16815 /* Managers */ = {
			isa = PBXGroup;
			children = (
				7E0AE8242BBF909500B16815 /* Doubles */,
				7E0AE8222BBF7E6500B16815 /* NetworkManagerTests.swift */,
			);
			path = Managers;
			sourceTree = "<group>";
		};
		7E0AE8242BBF909500B16815 /* Doubles */ = {
			isa = PBXGroup;
			children = (
				7E0AE8252BBF90A000B16815 /* URLSessionMock.swift */,
				7E0AE8272BBF918300B16815 /* DummyURLSessionDataTask.swift */,
			);
			path = Doubles;
			sourceTree = "<group>";
		};
		7E26B8A22BC4AA6600011E71 /* Sunset */ = {
			isa = PBXGroup;
			children = (
				7E36E2D52BC6211B002D02DB /* Adapter */,
				7E36E2D42BC620D8002D02DB /* View */,
				FA64859226CED5C2007570AE /* SunsetViewModel.swift */,
				FACFD85526CEAEDD007360B3 /* SunsetViewController.swift */,
				7E0AE8122BBF785C00B16815 /* SunsetProtocols.swift */,
			);
			path = Sunset;
			sourceTree = "<group>";
		};
		7E26B8A32BC4AACB00011E71 /* Scene */ = {
			isa = PBXGroup;
			children = (
				7E26B8A42BC4AAD600011E71 /* Sunset */,
			);
			path = Scene;
			sourceTree = "<group>";
		};
		7E26B8A42BC4AAD600011E71 /* Sunset */ = {
			isa = PBXGroup;
			children = (
				7E26B8A72BC4ACDE00011E71 /* Doubles */,
				7E36E2D62BC6214E002D02DB /* Adapter */,
				7E36E2D72BC622E9002D02DB /* SunsetViewModelTests.swift */,
			);
			path = Sunset;
			sourceTree = "<group>";
		};
		7E26B8A72BC4ACDE00011E71 /* Doubles */ = {
			isa = PBXGroup;
			children = (
				7E26B8A82BC4ACEF00011E71 /* Sunrise+Stub.swift */,
				7E36E2D92BC624BD002D02DB /* NetworkManagerMock.swift */,
				7E36E2DB2BC627B0002D02DB /* SunsetAdapterMock.swift */,
				7E36E2DD2BC62897002D02DB /* SunsetModel+Stub.swift */,
				7E47ED4F2BC75C0B00CDC701 /* SunsetViewControllerSpy.swift */,
			);
			path = Doubles;
			sourceTree = "<group>";
		};
		7E36E2D42BC620D8002D02DB /* View */ = {
			isa = PBXGroup;
			children = (
				FACFD85926CEAF5D007360B3 /* SunsetView.swift */,
			);
			name = View;
			sourceTree = "<group>";
		};
		7E36E2D52BC6211B002D02DB /* Adapter */ = {
			isa = PBXGroup;
			children = (
				7EA59BEF2BC3396700EDFEDC /* SunsetAdapter.swift */,
			);
			name = Adapter;
			sourceTree = "<group>";
		};
		7E36E2D62BC6214E002D02DB /* Adapter */ = {
			isa = PBXGroup;
			children = (
				7E26B8A52BC4AAEB00011E71 /* SunsetAdapterTests.swift */,
			);
			path = Adapter;
			sourceTree = "<group>";
		};
		FA64858C26CEB56D007570AE /* Managers */ = {
			isa = PBXGroup;
			children = (
				FA64858E26CEB974007570AE /* NetworkManager.swift */,
				7EE56EDB2BBE3C520098E030 /* NetworkManagerProtocols.swift */,
				7EE56EDD2BBE3C810098E030 /* URLSession+Ext.swift */,
				7EE56EDF2BBE3C9C0098E030 /* HTTPClientResult.swift */,
			);
			path = Managers;
			sourceTree = "<group>";
		};
		FA64858D26CEB890007570AE /* Model */ = {
			isa = PBXGroup;
			children = (
				FA64859026CEBA47007570AE /* Surise.swift */,
				7EA59BED2BC3310700EDFEDC /* SunsetModel.swift */,
			);
			path = Model;
			sourceTree = "<group>";
		};
		FA64859426CEDD3C007570AE /* Supports */ = {
			isa = PBXGroup;
			children = (
				FACFD84026CEACE7007360B3 /* AppDelegate.swift */,
				FACFD84226CEACE7007360B3 /* SceneDelegate.swift */,
				FACFD84926CEACEA007360B3 /* Assets.xcassets */,
				FACFD84B26CEACEA007360B3 /* LaunchScreen.storyboard */,
				FACFD84E26CEACEA007360B3 /* Info.plist */,
			);
			path = Supports;
			sourceTree = "<group>";
		};
		FACFD83426CEACE7007360B3 = {
			isa = PBXGroup;
			children = (
				FACFD83F26CEACE7007360B3 /* SunsetAPI */,
				7E0AE8192BBF7DF700B16815 /* SunsetAPITests */,
				FACFD83E26CEACE7007360B3 /* Products */,
			);
			sourceTree = "<group>";
		};
		FACFD83E26CEACE7007360B3 /* Products */ = {
			isa = PBXGroup;
			children = (
				FACFD83D26CEACE7007360B3 /* SunsetAPI.app */,
				7E0AE8182BBF7DF700B16815 /* SunsetAPITests.xctest */,
			);
			name = Products;
			sourceTree = "<group>";
		};
		FACFD83F26CEACE7007360B3 /* SunsetAPI */ = {
			isa = PBXGroup;
			children = (
				FA64858D26CEB890007570AE /* Model */,
				FA64858C26CEB56D007570AE /* Managers */,
				FACFD85426CEAECF007360B3 /* Scene */,
				FA64859426CEDD3C007570AE /* Supports */,
			);
			path = SunsetAPI;
			sourceTree = "<group>";
		};
		FACFD85426CEAECF007360B3 /* Scene */ = {
			isa = PBXGroup;
			children = (
				7E26B8A22BC4AA6600011E71 /* Sunset */,
			);
			path = Scene;
			sourceTree = "<group>";
		};
/* End PBXGroup section */

/* Begin PBXNativeTarget section */
		7E0AE8172BBF7DF700B16815 /* SunsetAPITests */ = {
			isa = PBXNativeTarget;
			buildConfigurationList = 7E0AE81E2BBF7DF700B16815 /* Build configuration list for PBXNativeTarget "SunsetAPITests" */;
			buildPhases = (
				7E0AE8142BBF7DF700B16815 /* Sources */,
				7E0AE8152BBF7DF700B16815 /* Frameworks */,
				7E0AE8162BBF7DF700B16815 /* Resources */,
			);
			buildRules = (
			);
			dependencies = (
				7E0AE81D2BBF7DF700B16815 /* PBXTargetDependency */,
			);
			name = SunsetAPITests;
			productName = SunsetAPITests;
			productReference = 7E0AE8182BBF7DF700B16815 /* SunsetAPITests.xctest */;
			productType = "com.apple.product-type.bundle.unit-test";
		};
		FACFD83C26CEACE7007360B3 /* SunsetAPI */ = {
			isa = PBXNativeTarget;
			buildConfigurationList = FACFD85126CEACEA007360B3 /* Build configuration list for PBXNativeTarget "SunsetAPI" */;
			buildPhases = (
				FACFD83926CEACE7007360B3 /* Sources */,
				FACFD83A26CEACE7007360B3 /* Frameworks */,
				FACFD83B26CEACE7007360B3 /* Resources */,
			);
			buildRules = (
			);
			dependencies = (
			);
			name = SunsetAPI;
			packageProductDependencies = (
				FACFD85C26CEAFC8007360B3 /* SnapKit */,
			);
			productName = SunsetAPI;
			productReference = FACFD83D26CEACE7007360B3 /* SunsetAPI.app */;
			productType = "com.apple.product-type.application";
		};
/* End PBXNativeTarget section */

/* Begin PBXProject section */
		FACFD83526CEACE7007360B3 /* Project object */ = {
			isa = PBXProject;
			attributes = {
				LastSwiftUpdateCheck = 1520;
				LastUpgradeCheck = 1250;
				TargetAttributes = {
					7E0AE8172BBF7DF700B16815 = {
						CreatedOnToolsVersion = 15.2;
						LastSwiftMigration = 1520;
						TestTargetID = FACFD83C26CEACE7007360B3;
					};
					FACFD83C26CEACE7007360B3 = {
						CreatedOnToolsVersion = 12.5.1;
					};
				};
			};
			buildConfigurationList = FACFD83826CEACE7007360B3 /* Build configuration list for PBXProject "SunsetAPI" */;
			compatibilityVersion = "Xcode 9.3";
			developmentRegion = en;
			hasScannedForEncodings = 0;
			knownRegions = (
				en,
				Base,
			);
			mainGroup = FACFD83426CEACE7007360B3;
			packageReferences = (
				FACFD85B26CEAFC8007360B3 /* XCRemoteSwiftPackageReference "SnapKit" */,
			);
			productRefGroup = FACFD83E26CEACE7007360B3 /* Products */;
			projectDirPath = "";
			projectRoot = "";
			targets = (
				FACFD83C26CEACE7007360B3 /* SunsetAPI */,
				7E0AE8172BBF7DF700B16815 /* SunsetAPITests */,
			);
		};
/* End PBXProject section */

/* Begin PBXResourcesBuildPhase section */
		7E0AE8162BBF7DF700B16815 /* Resources */ = {
			isa = PBXResourcesBuildPhase;
			buildActionMask = 2147483647;
			files = (
			);
			runOnlyForDeploymentPostprocessing = 0;
		};
		FACFD83B26CEACE7007360B3 /* Resources */ = {
			isa = PBXResourcesBuildPhase;
			buildActionMask = 2147483647;
			files = (
				FACFD84D26CEACEA007360B3 /* LaunchScreen.storyboard in Resources */,
				FACFD84A26CEACEA007360B3 /* Assets.xcassets in Resources */,
			);
			runOnlyForDeploymentPostprocessing = 0;
		};
/* End PBXResourcesBuildPhase section */

/* Begin PBXSourcesBuildPhase section */
		7E0AE8142BBF7DF700B16815 /* Sources */ = {
			isa = PBXSourcesBuildPhase;
			buildActionMask = 2147483647;
			files = (
				7E36E2DE2BC62897002D02DB /* SunsetModel+Stub.swift in Sources */,
				7E0AE8282BBF918300B16815 /* DummyURLSessionDataTask.swift in Sources */,
				7E26B8A62BC4AAEB00011E71 /* SunsetAdapterTests.swift in Sources */,
				7E36E2DA2BC624BD002D02DB /* NetworkManagerMock.swift in Sources */,
				7E0AE8262BBF90A000B16815 /* URLSessionMock.swift in Sources */,
				7E26B8A92BC4ACEF00011E71 /* Sunrise+Stub.swift in Sources */,
				7E36E2DC2BC627B0002D02DB /* SunsetAdapterMock.swift in Sources */,
				7E47ED502BC75C0B00CDC701 /* SunsetViewControllerSpy.swift in Sources */,
				7E36E2D82BC622E9002D02DB /* SunsetViewModelTests.swift in Sources */,
				7E0AE8232BBF7E6500B16815 /* NetworkManagerTests.swift in Sources */,
			);
			runOnlyForDeploymentPostprocessing = 0;
		};
		FACFD83926CEACE7007360B3 /* Sources */ = {
			isa = PBXSourcesBuildPhase;
			buildActionMask = 2147483647;
			files = (
				FACFD85A26CEAF5D007360B3 /* SunsetView.swift in Sources */,
				7EA59BF02BC3396700EDFEDC /* SunsetAdapter.swift in Sources */,
				FACFD84126CEACE7007360B3 /* AppDelegate.swift in Sources */,
				7EE56EDC2BBE3C530098E030 /* NetworkManagerProtocols.swift in Sources */,
				7EA59BEE2BC3310700EDFEDC /* SunsetModel.swift in Sources */,
				7E0AE8132BBF785C00B16815 /* SunsetProtocols.swift in Sources */,
				FA64859326CED5C2007570AE /* SunsetViewModel.swift in Sources */,
				FA64858F26CEB974007570AE /* NetworkManager.swift in Sources */,
				7EE56EE02BBE3C9C0098E030 /* HTTPClientResult.swift in Sources */,
				FA64859126CEBA47007570AE /* Surise.swift in Sources */,
				FACFD84326CEACE7007360B3 /* SceneDelegate.swift in Sources */,
				7EE56EDE2BBE3C810098E030 /* URLSession+Ext.swift in Sources */,
				FACFD85626CEAEDD007360B3 /* SunsetViewController.swift in Sources */,
			);
			runOnlyForDeploymentPostprocessing = 0;
		};
/* End PBXSourcesBuildPhase section */

/* Begin PBXTargetDependency section */
		7E0AE81D2BBF7DF700B16815 /* PBXTargetDependency */ = {
			isa = PBXTargetDependency;
			target = FACFD83C26CEACE7007360B3 /* SunsetAPI */;
			targetProxy = 7E0AE81C2BBF7DF700B16815 /* PBXContainerItemProxy */;
		};
/* End PBXTargetDependency section */

/* Begin PBXVariantGroup section */
		FACFD84B26CEACEA007360B3 /* LaunchScreen.storyboard */ = {
			isa = PBXVariantGroup;
			children = (
				FACFD84C26CEACEA007360B3 /* Base */,
			);
			name = LaunchScreen.storyboard;
			sourceTree = "<group>";
		};
/* End PBXVariantGroup section */

/* Begin XCBuildConfiguration section */
		7E0AE81F2BBF7DF700B16815 /* Debug */ = {
			isa = XCBuildConfiguration;
			buildSettings = {
				ASSETCATALOG_COMPILER_GENERATE_SWIFT_ASSET_SYMBOL_EXTENSIONS = YES;
				BUNDLE_LOADER = "$(TEST_HOST)";
				CLANG_CXX_LANGUAGE_STANDARD = "gnu++20";
				CLANG_ENABLE_MODULES = YES;
				CODE_SIGN_STYLE = Automatic;
				CURRENT_PROJECT_VERSION = 1;
				DEVELOPMENT_TEAM = QXX4852TTD;
				ENABLE_USER_SCRIPT_SANDBOXING = YES;
				GCC_C_LANGUAGE_STANDARD = gnu17;
				GENERATE_INFOPLIST_FILE = YES;
				IPHONEOS_DEPLOYMENT_TARGET = 17.2;
				LOCALIZATION_PREFERS_STRING_CATALOGS = YES;
				MARKETING_VERSION = 1.0;
				PRODUCT_BUNDLE_IDENTIFIER = brunosilva.SunsetAPITests;
				PRODUCT_NAME = "$(TARGET_NAME)";
				SUPPORTED_PLATFORMS = "iphoneos iphonesimulator";
				SUPPORTS_MACCATALYST = NO;
				SUPPORTS_MAC_DESIGNED_FOR_IPHONE_IPAD = NO;
				SUPPORTS_XR_DESIGNED_FOR_IPHONE_IPAD = NO;
				SWIFT_ACTIVE_COMPILATION_CONDITIONS = "DEBUG $(inherited)";
				SWIFT_EMIT_LOC_STRINGS = NO;
				SWIFT_OPTIMIZATION_LEVEL = "-Onone";
				SWIFT_VERSION = 5.0;
				TARGETED_DEVICE_FAMILY = 1;
				TEST_HOST = "$(BUILT_PRODUCTS_DIR)/SunsetAPI.app/$(BUNDLE_EXECUTABLE_FOLDER_PATH)/SunsetAPI";
			};
			name = Debug;
		};
		7E0AE8202BBF7DF700B16815 /* Release */ = {
			isa = XCBuildConfiguration;
			buildSettings = {
				ASSETCATALOG_COMPILER_GENERATE_SWIFT_ASSET_SYMBOL_EXTENSIONS = YES;
				BUNDLE_LOADER = "$(TEST_HOST)";
				CLANG_CXX_LANGUAGE_STANDARD = "gnu++20";
				CLANG_ENABLE_MODULES = YES;
				CODE_SIGN_STYLE = Automatic;
				CURRENT_PROJECT_VERSION = 1;
				DEVELOPMENT_TEAM = QXX4852TTD;
				ENABLE_USER_SCRIPT_SANDBOXING = YES;
				GCC_C_LANGUAGE_STANDARD = gnu17;
				GENERATE_INFOPLIST_FILE = YES;
				IPHONEOS_DEPLOYMENT_TARGET = 17.2;
				LOCALIZATION_PREFERS_STRING_CATALOGS = YES;
				MARKETING_VERSION = 1.0;
				PRODUCT_BUNDLE_IDENTIFIER = brunosilva.SunsetAPITests;
				PRODUCT_NAME = "$(TARGET_NAME)";
				SUPPORTED_PLATFORMS = "iphoneos iphonesimulator";
				SUPPORTS_MACCATALYST = NO;
				SUPPORTS_MAC_DESIGNED_FOR_IPHONE_IPAD = NO;
				SUPPORTS_XR_DESIGNED_FOR_IPHONE_IPAD = NO;
				SWIFT_EMIT_LOC_STRINGS = NO;
				SWIFT_VERSION = 5.0;
				TARGETED_DEVICE_FAMILY = 1;
				TEST_HOST = "$(BUILT_PRODUCTS_DIR)/SunsetAPI.app/$(BUNDLE_EXECUTABLE_FOLDER_PATH)/SunsetAPI";
			};
			name = Release;
		};
		FACFD84F26CEACEA007360B3 /* Debug */ = {
			isa = XCBuildConfiguration;
			buildSettings = {
				ALWAYS_SEARCH_USER_PATHS = NO;
				CLANG_ANALYZER_NONNULL = YES;
				CLANG_ANALYZER_NUMBER_OBJECT_CONVERSION = YES_AGGRESSIVE;
				CLANG_CXX_LANGUAGE_STANDARD = "gnu++14";
				CLANG_CXX_LIBRARY = "libc++";
				CLANG_ENABLE_MODULES = YES;
				CLANG_ENABLE_OBJC_ARC = YES;
				CLANG_ENABLE_OBJC_WEAK = YES;
				CLANG_WARN_BLOCK_CAPTURE_AUTORELEASING = YES;
				CLANG_WARN_BOOL_CONVERSION = YES;
				CLANG_WARN_COMMA = YES;
				CLANG_WARN_CONSTANT_CONVERSION = YES;
				CLANG_WARN_DEPRECATED_OBJC_IMPLEMENTATIONS = YES;
				CLANG_WARN_DIRECT_OBJC_ISA_USAGE = YES_ERROR;
				CLANG_WARN_DOCUMENTATION_COMMENTS = YES;
				CLANG_WARN_EMPTY_BODY = YES;
				CLANG_WARN_ENUM_CONVERSION = YES;
				CLANG_WARN_INFINITE_RECURSION = YES;
				CLANG_WARN_INT_CONVERSION = YES;
				CLANG_WARN_NON_LITERAL_NULL_CONVERSION = YES;
				CLANG_WARN_OBJC_IMPLICIT_RETAIN_SELF = YES;
				CLANG_WARN_OBJC_LITERAL_CONVERSION = YES;
				CLANG_WARN_OBJC_ROOT_CLASS = YES_ERROR;
				CLANG_WARN_QUOTED_INCLUDE_IN_FRAMEWORK_HEADER = YES;
				CLANG_WARN_RANGE_LOOP_ANALYSIS = YES;
				CLANG_WARN_STRICT_PROTOTYPES = YES;
				CLANG_WARN_SUSPICIOUS_MOVE = YES;
				CLANG_WARN_UNGUARDED_AVAILABILITY = YES_AGGRESSIVE;
				CLANG_WARN_UNREACHABLE_CODE = YES;
				CLANG_WARN__DUPLICATE_METHOD_MATCH = YES;
				COPY_PHASE_STRIP = NO;
				DEBUG_INFORMATION_FORMAT = dwarf;
				ENABLE_STRICT_OBJC_MSGSEND = YES;
				ENABLE_TESTABILITY = YES;
				GCC_C_LANGUAGE_STANDARD = gnu11;
				GCC_DYNAMIC_NO_PIC = NO;
				GCC_NO_COMMON_BLOCKS = YES;
				GCC_OPTIMIZATION_LEVEL = 0;
				GCC_PREPROCESSOR_DEFINITIONS = (
					"DEBUG=1",
					"$(inherited)",
				);
				GCC_WARN_64_TO_32_BIT_CONVERSION = YES;
				GCC_WARN_ABOUT_RETURN_TYPE = YES_ERROR;
				GCC_WARN_UNDECLARED_SELECTOR = YES;
				GCC_WARN_UNINITIALIZED_AUTOS = YES_AGGRESSIVE;
				GCC_WARN_UNUSED_FUNCTION = YES;
				GCC_WARN_UNUSED_VARIABLE = YES;
				IPHONEOS_DEPLOYMENT_TARGET = 14.5;
				MTL_ENABLE_DEBUG_INFO = INCLUDE_SOURCE;
				MTL_FAST_MATH = YES;
				ONLY_ACTIVE_ARCH = YES;
				SDKROOT = iphoneos;
				SWIFT_ACTIVE_COMPILATION_CONDITIONS = DEBUG;
				SWIFT_OPTIMIZATION_LEVEL = "-Onone";
			};
			name = Debug;
		};
		FACFD85026CEACEA007360B3 /* Release */ = {
			isa = XCBuildConfiguration;
			buildSettings = {
				ALWAYS_SEARCH_USER_PATHS = NO;
				CLANG_ANALYZER_NONNULL = YES;
				CLANG_ANALYZER_NUMBER_OBJECT_CONVERSION = YES_AGGRESSIVE;
				CLANG_CXX_LANGUAGE_STANDARD = "gnu++14";
				CLANG_CXX_LIBRARY = "libc++";
				CLANG_ENABLE_MODULES = YES;
				CLANG_ENABLE_OBJC_ARC = YES;
				CLANG_ENABLE_OBJC_WEAK = YES;
				CLANG_WARN_BLOCK_CAPTURE_AUTORELEASING = YES;
				CLANG_WARN_BOOL_CONVERSION = YES;
				CLANG_WARN_COMMA = YES;
				CLANG_WARN_CONSTANT_CONVERSION = YES;
				CLANG_WARN_DEPRECATED_OBJC_IMPLEMENTATIONS = YES;
				CLANG_WARN_DIRECT_OBJC_ISA_USAGE = YES_ERROR;
				CLANG_WARN_DOCUMENTATION_COMMENTS = YES;
				CLANG_WARN_EMPTY_BODY = YES;
				CLANG_WARN_ENUM_CONVERSION = YES;
				CLANG_WARN_INFINITE_RECURSION = YES;
				CLANG_WARN_INT_CONVERSION = YES;
				CLANG_WARN_NON_LITERAL_NULL_CONVERSION = YES;
				CLANG_WARN_OBJC_IMPLICIT_RETAIN_SELF = YES;
				CLANG_WARN_OBJC_LITERAL_CONVERSION = YES;
				CLANG_WARN_OBJC_ROOT_CLASS = YES_ERROR;
				CLANG_WARN_QUOTED_INCLUDE_IN_FRAMEWORK_HEADER = YES;
				CLANG_WARN_RANGE_LOOP_ANALYSIS = YES;
				CLANG_WARN_STRICT_PROTOTYPES = YES;
				CLANG_WARN_SUSPICIOUS_MOVE = YES;
				CLANG_WARN_UNGUARDED_AVAILABILITY = YES_AGGRESSIVE;
				CLANG_WARN_UNREACHABLE_CODE = YES;
				CLANG_WARN__DUPLICATE_METHOD_MATCH = YES;
				COPY_PHASE_STRIP = NO;
				DEBUG_INFORMATION_FORMAT = "dwarf-with-dsym";
				ENABLE_NS_ASSERTIONS = NO;
				ENABLE_STRICT_OBJC_MSGSEND = YES;
				GCC_C_LANGUAGE_STANDARD = gnu11;
				GCC_NO_COMMON_BLOCKS = YES;
				GCC_WARN_64_TO_32_BIT_CONVERSION = YES;
				GCC_WARN_ABOUT_RETURN_TYPE = YES_ERROR;
				GCC_WARN_UNDECLARED_SELECTOR = YES;
				GCC_WARN_UNINITIALIZED_AUTOS = YES_AGGRESSIVE;
				GCC_WARN_UNUSED_FUNCTION = YES;
				GCC_WARN_UNUSED_VARIABLE = YES;
				IPHONEOS_DEPLOYMENT_TARGET = 14.5;
				MTL_ENABLE_DEBUG_INFO = NO;
				MTL_FAST_MATH = YES;
				SDKROOT = iphoneos;
				SWIFT_COMPILATION_MODE = wholemodule;
				SWIFT_OPTIMIZATION_LEVEL = "-O";
				VALIDATE_PRODUCT = YES;
			};
			name = Release;
		};
		FACFD85226CEACEA007360B3 /* Debug */ = {
			isa = XCBuildConfiguration;
			buildSettings = {
				ASSETCATALOG_COMPILER_APPICON_NAME = AppIcon;
				ASSETCATALOG_COMPILER_GLOBAL_ACCENT_COLOR_NAME = AccentColor;
				CODE_SIGN_STYLE = Automatic;
				DEVELOPMENT_TEAM = 59R2NH27HK;
				INFOPLIST_FILE = SunsetAPI/Supports/Info.plist;
				IPHONEOS_DEPLOYMENT_TARGET = 17.2;
				LD_RUNPATH_SEARCH_PATHS = (
					"$(inherited)",
					"@executable_path/Frameworks",
				);
				PRODUCT_BUNDLE_IDENTIFIER = Mobile2you.SunsetAPI;
				PRODUCT_NAME = "$(TARGET_NAME)";
				SUPPORTED_PLATFORMS = "iphoneos iphonesimulator";
				SUPPORTS_MACCATALYST = NO;
				SUPPORTS_MAC_DESIGNED_FOR_IPHONE_IPAD = NO;
				SUPPORTS_XR_DESIGNED_FOR_IPHONE_IPAD = NO;
				SWIFT_VERSION = 5.0;
				TARGETED_DEVICE_FAMILY = 1;
			};
			name = Debug;
		};
		FACFD85326CEACEA007360B3 /* Release */ = {
			isa = XCBuildConfiguration;
			buildSettings = {
				ASSETCATALOG_COMPILER_APPICON_NAME = AppIcon;
				ASSETCATALOG_COMPILER_GLOBAL_ACCENT_COLOR_NAME = AccentColor;
				CODE_SIGN_STYLE = Automatic;
				DEVELOPMENT_TEAM = 59R2NH27HK;
				INFOPLIST_FILE = SunsetAPI/Supports/Info.plist;
				IPHONEOS_DEPLOYMENT_TARGET = 17.2;
				LD_RUNPATH_SEARCH_PATHS = (
					"$(inherited)",
					"@executable_path/Frameworks",
				);
				PRODUCT_BUNDLE_IDENTIFIER = Mobile2you.SunsetAPI;
				PRODUCT_NAME = "$(TARGET_NAME)";
				SUPPORTED_PLATFORMS = "iphoneos iphonesimulator";
				SUPPORTS_MACCATALYST = NO;
				SUPPORTS_MAC_DESIGNED_FOR_IPHONE_IPAD = NO;
				SUPPORTS_XR_DESIGNED_FOR_IPHONE_IPAD = NO;
				SWIFT_VERSION = 5.0;
				TARGETED_DEVICE_FAMILY = 1;
			};
			name = Release;
		};
/* End XCBuildConfiguration section */

/* Begin XCConfigurationList section */
		7E0AE81E2BBF7DF700B16815 /* Build configuration list for PBXNativeTarget "SunsetAPITests" */ = {
			isa = XCConfigurationList;
			buildConfigurations = (
				7E0AE81F2BBF7DF700B16815 /* Debug */,
				7E0AE8202BBF7DF700B16815 /* Release */,
			);
			defaultConfigurationIsVisible = 0;
			defaultConfigurationName = Release;
		};
		FACFD83826CEACE7007360B3 /* Build configuration list for PBXProject "SunsetAPI" */ = {
			isa = XCConfigurationList;
			buildConfigurations = (
				FACFD84F26CEACEA007360B3 /* Debug */,
				FACFD85026CEACEA007360B3 /* Release */,
			);
			defaultConfigurationIsVisible = 0;
			defaultConfigurationName = Release;
		};
		FACFD85126CEACEA007360B3 /* Build configuration list for PBXNativeTarget "SunsetAPI" */ = {
			isa = XCConfigurationList;
			buildConfigurations = (
				FACFD85226CEACEA007360B3 /* Debug */,
				FACFD85326CEACEA007360B3 /* Release */,
			);
			defaultConfigurationIsVisible = 0;
			defaultConfigurationName = Release;
		};
/* End XCConfigurationList section */

/* Begin XCRemoteSwiftPackageReference section */
		FACFD85B26CEAFC8007360B3 /* XCRemoteSwiftPackageReference "SnapKit" */ = {
			isa = XCRemoteSwiftPackageReference;
			repositoryURL = "https://github.com/SnapKit/SnapKit";
			requirement = {
				kind = upToNextMajorVersion;
				minimumVersion = 5.0.1;
			};
		};
/* End XCRemoteSwiftPackageReference section */

/* Begin XCSwiftPackageProductDependency section */
		FACFD85C26CEAFC8007360B3 /* SnapKit */ = {
			isa = XCSwiftPackageProductDependency;
			package = FACFD85B26CEAFC8007360B3 /* XCRemoteSwiftPackageReference "SnapKit" */;
			productName = SnapKit;
		};
/* End XCSwiftPackageProductDependency section */
	};
	rootObject = FACFD83526CEACE7007360B3 /* Project object */;
}
